<Solution>
  <Folder Name="/src/">
    <Project Path="src/Kongroo.Identity.Contracts/Kongroo.Identity.Contracts.csproj" />
    <Project Path="src/Kongroo.Notifications/Kongroo.Notifications.csproj" />
    <Project Path="src/Kongroo.Payments.Contracts/Kongroo.Payments.Contracts.csproj" />
  </Folder>
  <Folder Name="/tests/">
    <Project Path="tests/Kongroo.Notifications.UnitTests/Kongroo.Notifications.UnitTests.csproj" />
  </Folder>
</Solution>
